
Microsoft Visual Studio Solution File, Format Version 12.00
# Visual Studio Version 17
VisualStudioVersion = 17.14.36301.6 d17.14
MinimumVisualStudioVersion = 10.0.40219.1
Project("{FAE04EC0-301F-11D3-BF4B-00C04F79EFBC}") = "RoomManagementSystem", "RoomManagementSystem\RoomManagementSystem.csproj", "{88029DEA-321F-4EAF-B678-683A3E3CE101}"
EndProject
Global
	GlobalSection(SolutionConfigurationPlatforms) = preSolution
		Debug|Any CPU = Debug|Any CPU
		Release|Any CPU = Release|Any CPU
	EndGlobalSection
	GlobalSection(ProjectConfigurationPlatforms) = postSolution
		{88029DEA-321F-4EAF-B678-683A3E3CE101}.Debug|Any CPU.ActiveCfg = Debug|Any CPU
		{88029DEA-321F-4EAF-B678-683A3E3CE101}.Debug|Any CPU.Build.0 = Debug|Any CPU
		{88029DEA-321F-4EAF-B678-683A3E3CE101}.Release|Any CPU.ActiveCfg = Release|Any CPU
		{88029DEA-321F-4EAF-B678-683A3E3CE101}.Release|Any CPU.Build.0 = Release|Any CPU
	EndGlobalSection
	GlobalSection(SolutionProperties) = preSolution
		HideSolutionNode = FALSE
	EndGlobalSection
	GlobalSection(ExtensibilityGlobals) = postSolution
		SolutionGuid = {B3AE51B1-6CE2-417B-91AE-B3EEDCB75BA5}
	EndGlobalSection
EndGlobal
